
Microsoft Visual Studio Solution File, Format Version 12.00
# Visual Studio Version 17
VisualStudioVersion = 17.9.34728.123
MinimumVisualStudioVersion = 10.0.40219.1
Project("{8BC9CEB8-8B4A-11D0-8D11-00A0C91BC942}") = "Proyecto Encriptacion", "Proyecto Encriptacion\Proyecto Encriptacion.vcxproj", "{942E847F-9354-4C6D-9C8F-49D47B2BE971}"
EndProject
Global
	GlobalSection(SolutionConfigurationPlatforms) = preSolution
		Debug|x64 = Debug|x64
		Debug|x86 = Debug|x86
		Release|x64 = Release|x64
		Release|x86 = Release|x86
	EndGlobalSection
	GlobalSection(ProjectConfigurationPlatforms) = postSolution
		{942E847F-9354-4C6D-9C8F-49D47B2BE971}.Debug|x64.ActiveCfg = Debug|x64
		{942E847F-9354-4C6D-9C8F-49D47B2BE971}.Debug|x64.Build.0 = Debug|x64
		{942E847F-9354-4C6D-9C8F-49D47B2BE971}.Debug|x86.ActiveCfg = Debug|Win32
		{942E847F-9354-4C6D-9C8F-49D47B2BE971}.Debug|x86.Build.0 = Debug|Win32
		{942E847F-9354-4C6D-9C8F-49D47B2BE971}.Release|x64.ActiveCfg = Release|x64
		{942E847F-9354-4C6D-9C8F-49D47B2BE971}.Release|x64.Build.0 = Release|x64
		{942E847F-9354-4C6D-9C8F-49D47B2BE971}.Release|x86.ActiveCfg = Release|Win32
		{942E847F-9354-4C6D-9C8F-49D47B2BE971}.Release|x86.Build.0 = Release|Win32
	EndGlobalSection
	GlobalSection(SolutionProperties) = preSolution
		HideSolutionNode = FALSE
	EndGlobalSection
	GlobalSection(ExtensibilityGlobals) = postSolution
		SolutionGuid = {6B3915CC-8816-4E8A-825D-970F32F27153}
	EndGlobalSection
EndGlobal
